
Microsoft Visual Studio Solution File, Format Version 12.00
# Visual Studio Version 16
VisualStudioVersion = 16.0.31019.35
MinimumVisualStudioVersion = 10.0.40219.1
Project("{FAE04EC0-301F-11D3-BF4B-00C04F79EFBC}") = "MyAppliedProject", "MyAppliedProject\MyAppliedProject.csproj", "{7C3F2BB5-AA9F-459E-AD75-0518944333E6}"
EndProject
Global
	GlobalSection(SolutionConfigurationPlatforms) = preSolution
		Debug|Any CPU = Debug|Any CPU
		Release|Any CPU = Release|Any CPU
	EndGlobalSection
	GlobalSection(ProjectConfigurationPlatforms) = postSolution
		{7C3F2BB5-AA9F-459E-AD75-0518944333E6}.Debug|Any CPU.ActiveCfg = Debug|Any CPU
		{7C3F2BB5-AA9F-459E-AD75-0518944333E6}.Debug|Any CPU.Build.0 = Debug|Any CPU
		{7C3F2BB5-AA9F-459E-AD75-0518944333E6}.Release|Any CPU.ActiveCfg = Release|Any CPU
		{7C3F2BB5-AA9F-459E-AD75-0518944333E6}.Release|Any CPU.Build.0 = Release|Any CPU
	EndGlobalSection
	GlobalSection(SolutionProperties) = preSolution
		HideSolutionNode = FALSE
	EndGlobalSection
	GlobalSection(ExtensibilityGlobals) = postSolution
		SolutionGuid = {91499DEE-729B-422D-9659-EBC59519ACA2}
	EndGlobalSection
EndGlobal
